
Microsoft Visual Studio Solution File, Format Version 12.00
# Visual Studio Version 17
VisualStudioVersion = 17.0.31919.166
MinimumVisualStudioVersion = 10.0.40219.1
Project("{FAE04EC0-301F-11D3-BF4B-00C04F79EFBC}") = "TOUCHhelp", "TOUCHhelp\TOUCHhelp.csproj", "{5A193EFA-C9B2-4083-95AD-FFF2891A726F}"
EndProject
Global
	GlobalSection(SolutionConfigurationPlatforms) = preSolution
		Debug|Any CPU = Debug|Any CPU
		Release|Any CPU = Release|Any CPU
	EndGlobalSection
	GlobalSection(ProjectConfigurationPlatforms) = postSolution
		{5A193EFA-C9B2-4083-95AD-FFF2891A726F}.Debug|Any CPU.ActiveCfg = Debug|Any CPU
		{5A193EFA-C9B2-4083-95AD-FFF2891A726F}.Debug|Any CPU.Build.0 = Debug|Any CPU
		{5A193EFA-C9B2-4083-95AD-FFF2891A726F}.Release|Any CPU.ActiveCfg = Release|Any CPU
		{5A193EFA-C9B2-4083-95AD-FFF2891A726F}.Release|Any CPU.Build.0 = Release|Any CPU
	EndGlobalSection
	GlobalSection(SolutionProperties) = preSolution
		HideSolutionNode = FALSE
	EndGlobalSection
	GlobalSection(ExtensibilityGlobals) = postSolution
		SolutionGuid = {B51799F6-F6A0-4C0D-AD15-956B71211C91}
	EndGlobalSection
EndGlobal
